
Microsoft Visual Studio Solution File, Format Version 12.00
# Visual Studio Version 16
VisualStudioVersion = 16.0.30717.126
MinimumVisualStudioVersion = 10.0.40219.1
Project("{FAE04EC0-301F-11D3-BF4B-00C04F79EFBC}") = "MyCompany", "MyCompany\MyCompany.csproj", "{909409AB-E55C-45C2-AC7C-D14CD7F16D44}"
EndProject
Global
	GlobalSection(SolutionConfigurationPlatforms) = preSolution
		Debug|Any CPU = Debug|Any CPU
		Release|Any CPU = Release|Any CPU
	EndGlobalSection
	GlobalSection(ProjectConfigurationPlatforms) = postSolution
		{909409AB-E55C-45C2-AC7C-D14CD7F16D44}.Debug|Any CPU.ActiveCfg = Debug|Any CPU
		{909409AB-E55C-45C2-AC7C-D14CD7F16D44}.Debug|Any CPU.Build.0 = Debug|Any CPU
		{909409AB-E55C-45C2-AC7C-D14CD7F16D44}.Release|Any CPU.ActiveCfg = Release|Any CPU
		{909409AB-E55C-45C2-AC7C-D14CD7F16D44}.Release|Any CPU.Build.0 = Release|Any CPU
	EndGlobalSection
	GlobalSection(SolutionProperties) = preSolution
		HideSolutionNode = FALSE
	EndGlobalSection
	GlobalSection(ExtensibilityGlobals) = postSolution
		SolutionGuid = {BECF2ED1-26CB-4406-A4B3-7C8356805030}
	EndGlobalSection
EndGlobal
